
Microsoft Visual Studio Solution File, Format Version 12.00
# Visual Studio Version 17
VisualStudioVersion = 17.8.34511.84
MinimumVisualStudioVersion = 10.0.40219.1
Project("{888888A0-9F3D-457C-B088-3A5042F75D52}") = "mscontech_mobileapp", "mscontech_mobileapp.pyproj", "{68FEA0F5-82E5-4734-AD72-FA2625D8EAE2}"
EndProject
Global
	GlobalSection(SolutionConfigurationPlatforms) = preSolution
		Debug|Any CPU = Debug|Any CPU
		Release|Any CPU = Release|Any CPU
	EndGlobalSection
	GlobalSection(ProjectConfigurationPlatforms) = postSolution
		{68FEA0F5-82E5-4734-AD72-FA2625D8EAE2}.Debug|Any CPU.ActiveCfg = Debug|Any CPU
		{68FEA0F5-82E5-4734-AD72-FA2625D8EAE2}.Release|Any CPU.ActiveCfg = Release|Any CPU
	EndGlobalSection
	GlobalSection(SolutionProperties) = preSolution
		HideSolutionNode = FALSE
	EndGlobalSection
	GlobalSection(ExtensibilityGlobals) = postSolution
		SolutionGuid = {5B299C66-2DC0-414B-B1F8-68FFCCF9E4EC}
	EndGlobalSection
EndGlobal
